
Microsoft Visual Studio Solution File, Format Version 12.00
# Visual Studio 15
VisualStudioVersion = 15.0.28307.106
MinimumVisualStudioVersion = 10.0.40219.1
Project("{2150E333-8FDC-42A3-9474-1A3956D46DE8}") = "Chap01", "Chap01", "{04367300-E84C-4DFA-9700-21F7A000F558}"
EndProject
Project("{FAE04EC0-301F-11D3-BF4B-00C04F79EFBC}") = "Exercise1", "Chap01\Exercise1\Exercise1.csproj", "{8B8C4826-7A06-4C03-B722-77EB9CABBBD3}"
EndProject
Project("{FAE04EC0-301F-11D3-BF4B-00C04F79EFBC}") = "Exercise2", "Chap01\Exercise2\Exercise2.csproj", "{9977B2EC-E87D-49FC-873E-9B4C09637514}"
EndProject
Project("{FAE04EC0-301F-11D3-BF4B-00C04F79EFBC}") = "Exercise3", "Chap01\Exercise3\Exercise3.csproj", "{29CAB5EE-D4D2-4F7A-9E45-61B4F56FA664}"
EndProject
Project("{2150E333-8FDC-42A3-9474-1A3956D46DE8}") = "Chap02", "Chap02", "{09FA1804-B14D-417E-9DCF-3EC3D7177110}"
EndProject
Project("{FAE04EC0-301F-11D3-BF4B-00C04F79EFBC}") = "Exercise1", "Chap02\Exercise1\Exercise1.csproj", "{4985B992-29AE-4A0E-9C67-C910720B5BA2}"
EndProject
Project("{FAE04EC0-301F-11D3-BF4B-00C04F79EFBC}") = "Exercise2", "Chap02\Exercise2\Exercise2.csproj", "{561B8086-D731-44D7-A424-ACB6BD2E2F6C}"
EndProject
Project("{FAE04EC0-301F-11D3-BF4B-00C04F79EFBC}") = "Exercise3", "Chap02\Exercise3\Exercise3.csproj", "{8EF03D0C-A09A-457C-B4C6-653AC41EE7C3}"
EndProject
Project("{2150E333-8FDC-42A3-9474-1A3956D46DE8}") = "Chap03", "Chap03", "{4D95F218-21EA-4D18-8350-5FC5DD9FC80F}"
EndProject
Project("{FAE04EC0-301F-11D3-BF4B-00C04F79EFBC}") = "Exercise1", "Chap03\Exercise1\Exercise1.csproj", "{08FCE63D-0894-432A-AB57-3D2C2B38BB5E}"
EndProject
Project("{FAE04EC0-301F-11D3-BF4B-00C04F79EFBC}") = "Exercise2", "Chap03\Exercise2\Exercise2.csproj", "{A638EFC0-8521-4162-83A9-AB9F4D3742BF}"
EndProject
Project("{2150E333-8FDC-42A3-9474-1A3956D46DE8}") = "Chap04", "Chap04", "{201DA76F-EEF1-4B34-A919-AE9572632617}"
EndProject
Project("{FAE04EC0-301F-11D3-BF4B-00C04F79EFBC}") = "Exercise1", "Chap04\Exercise1\Exercise1.csproj", "{E31792C2-E781-4472-93FD-AF23B154F173}"
EndProject
Project("{FAE04EC0-301F-11D3-BF4B-00C04F79EFBC}") = "Exercise2", "Chap04\Exercise2\Exercise2.csproj", "{C311A77A-73BB-48B4-B5BB-5643FFC7F7D1}"
EndProject
Project("{2150E333-8FDC-42A3-9474-1A3956D46DE8}") = "Chap05", "Chap05", "{2BCD2759-EE03-4675-B959-034211CE2152}"
EndProject
Project("{FAE04EC0-301F-11D3-BF4B-00C04F79EFBC}") = "Exercise1", "Chap05\Exercise1\Exercise1.csproj", "{2F3E03FF-CD56-43E0-8918-BB9F027CBDE3}"
EndProject
Project("{FAE04EC0-301F-11D3-BF4B-00C04F79EFBC}") = "Exercise2", "Chap05\Exercise2\Exercise2.csproj", "{78A9CC99-F104-4E53-8FBF-074944913B2C}"
EndProject
Global
	GlobalSection(SolutionConfigurationPlatforms) = preSolution
		Debug|Any CPU = Debug|Any CPU
		Release|Any CPU = Release|Any CPU
	EndGlobalSection
	GlobalSection(ProjectConfigurationPlatforms) = postSolution
		{8B8C4826-7A06-4C03-B722-77EB9CABBBD3}.Debug|Any CPU.ActiveCfg = Debug|Any CPU
		{8B8C4826-7A06-4C03-B722-77EB9CABBBD3}.Debug|Any CPU.Build.0 = Debug|Any CPU
		{8B8C4826-7A06-4C03-B722-77EB9CABBBD3}.Release|Any CPU.ActiveCfg = Release|Any CPU
		{8B8C4826-7A06-4C03-B722-77EB9CABBBD3}.Release|Any CPU.Build.0 = Release|Any CPU
		{9977B2EC-E87D-49FC-873E-9B4C09637514}.Debug|Any CPU.ActiveCfg = Debug|Any CPU
		{9977B2EC-E87D-49FC-873E-9B4C09637514}.Debug|Any CPU.Build.0 = Debug|Any CPU
		{9977B2EC-E87D-49FC-873E-9B4C09637514}.Release|Any CPU.ActiveCfg = Release|Any CPU
		{9977B2EC-E87D-49FC-873E-9B4C09637514}.Release|Any CPU.Build.0 = Release|Any CPU
		{29CAB5EE-D4D2-4F7A-9E45-61B4F56FA664}.Debug|Any CPU.ActiveCfg = Debug|Any CPU
		{29CAB5EE-D4D2-4F7A-9E45-61B4F56FA664}.Debug|Any CPU.Build.0 = Debug|Any CPU
		{29CAB5EE-D4D2-4F7A-9E45-61B4F56FA664}.Release|Any CPU.ActiveCfg = Release|Any CPU
		{29CAB5EE-D4D2-4F7A-9E45-61B4F56FA664}.Release|Any CPU.Build.0 = Release|Any CPU
		{4985B992-29AE-4A0E-9C67-C910720B5BA2}.Debug|Any CPU.ActiveCfg = Debug|Any CPU
		{4985B992-29AE-4A0E-9C67-C910720B5BA2}.Debug|Any CPU.Build.0 = Debug|Any CPU
		{4985B992-29AE-4A0E-9C67-C910720B5BA2}.Release|Any CPU.ActiveCfg = Release|Any CPU
		{4985B992-29AE-4A0E-9C67-C910720B5BA2}.Release|Any CPU.Build.0 = Release|Any CPU
		{561B8086-D731-44D7-A424-ACB6BD2E2F6C}.Debug|Any CPU.ActiveCfg = Debug|Any CPU
		{561B8086-D731-44D7-A424-ACB6BD2E2F6C}.Debug|Any CPU.Build.0 = Debug|Any CPU
		{561B8086-D731-44D7-A424-ACB6BD2E2F6C}.Release|Any CPU.ActiveCfg = Release|Any CPU
		{561B8086-D731-44D7-A424-ACB6BD2E2F6C}.Release|Any CPU.Build.0 = Release|Any CPU
		{8EF03D0C-A09A-457C-B4C6-653AC41EE7C3}.Debug|Any CPU.ActiveCfg = Debug|Any CPU
		{8EF03D0C-A09A-457C-B4C6-653AC41EE7C3}.Debug|Any CPU.Build.0 = Debug|Any CPU
		{8EF03D0C-A09A-457C-B4C6-653AC41EE7C3}.Release|Any CPU.ActiveCfg = Release|Any CPU
		{8EF03D0C-A09A-457C-B4C6-653AC41EE7C3}.Release|Any CPU.Build.0 = Release|Any CPU
		{08FCE63D-0894-432A-AB57-3D2C2B38BB5E}.Debug|Any CPU.ActiveCfg = Debug|Any CPU
		{08FCE63D-0894-432A-AB57-3D2C2B38BB5E}.Debug|Any CPU.Build.0 = Debug|Any CPU
		{08FCE63D-0894-432A-AB57-3D2C2B38BB5E}.Release|Any CPU.ActiveCfg = Release|Any CPU
		{08FCE63D-0894-432A-AB57-3D2C2B38BB5E}.Release|Any CPU.Build.0 = Release|Any CPU
		{A638EFC0-8521-4162-83A9-AB9F4D3742BF}.Debug|Any CPU.ActiveCfg = Debug|Any CPU
		{A638EFC0-8521-4162-83A9-AB9F4D3742BF}.Debug|Any CPU.Build.0 = Debug|Any CPU
		{A638EFC0-8521-4162-83A9-AB9F4D3742BF}.Release|Any CPU.ActiveCfg = Release|Any CPU
		{A638EFC0-8521-4162-83A9-AB9F4D3742BF}.Release|Any CPU.Build.0 = Release|Any CPU
		{E31792C2-E781-4472-93FD-AF23B154F173}.Debug|Any CPU.ActiveCfg = Debug|Any CPU
		{E31792C2-E781-4472-93FD-AF23B154F173}.Debug|Any CPU.Build.0 = Debug|Any CPU
		{E31792C2-E781-4472-93FD-AF23B154F173}.Release|Any CPU.ActiveCfg = Release|Any CPU
		{E31792C2-E781-4472-93FD-AF23B154F173}.Release|Any CPU.Build.0 = Release|Any CPU
		{C311A77A-73BB-48B4-B5BB-5643FFC7F7D1}.Debug|Any CPU.ActiveCfg = Debug|Any CPU
		{C311A77A-73BB-48B4-B5BB-5643FFC7F7D1}.Debug|Any CPU.Build.0 = Debug|Any CPU
		{C311A77A-73BB-48B4-B5BB-5643FFC7F7D1}.Release|Any CPU.ActiveCfg = Release|Any CPU
		{C311A77A-73BB-48B4-B5BB-5643FFC7F7D1}.Release|Any CPU.Build.0 = Release|Any CPU
		{2F3E03FF-CD56-43E0-8918-BB9F027CBDE3}.Debug|Any CPU.ActiveCfg = Debug|Any CPU
		{2F3E03FF-CD56-43E0-8918-BB9F027CBDE3}.Debug|Any CPU.Build.0 = Debug|Any CPU
		{2F3E03FF-CD56-43E0-8918-BB9F027CBDE3}.Release|Any CPU.ActiveCfg = Release|Any CPU
		{2F3E03FF-CD56-43E0-8918-BB9F027CBDE3}.Release|Any CPU.Build.0 = Release|Any CPU
		{78A9CC99-F104-4E53-8FBF-074944913B2C}.Debug|Any CPU.ActiveCfg = Debug|Any CPU
		{78A9CC99-F104-4E53-8FBF-074944913B2C}.Debug|Any CPU.Build.0 = Debug|Any CPU
		{78A9CC99-F104-4E53-8FBF-074944913B2C}.Release|Any CPU.ActiveCfg = Release|Any CPU
		{78A9CC99-F104-4E53-8FBF-074944913B2C}.Release|Any CPU.Build.0 = Release|Any CPU
	EndGlobalSection
	GlobalSection(SolutionProperties) = preSolution
		HideSolutionNode = FALSE
	EndGlobalSection
	GlobalSection(NestedProjects) = preSolution
		{8B8C4826-7A06-4C03-B722-77EB9CABBBD3} = {04367300-E84C-4DFA-9700-21F7A000F558}
		{9977B2EC-E87D-49FC-873E-9B4C09637514} = {04367300-E84C-4DFA-9700-21F7A000F558}
		{29CAB5EE-D4D2-4F7A-9E45-61B4F56FA664} = {04367300-E84C-4DFA-9700-21F7A000F558}
		{4985B992-29AE-4A0E-9C67-C910720B5BA2} = {09FA1804-B14D-417E-9DCF-3EC3D7177110}
		{561B8086-D731-44D7-A424-ACB6BD2E2F6C} = {09FA1804-B14D-417E-9DCF-3EC3D7177110}
		{8EF03D0C-A09A-457C-B4C6-653AC41EE7C3} = {09FA1804-B14D-417E-9DCF-3EC3D7177110}
		{08FCE63D-0894-432A-AB57-3D2C2B38BB5E} = {4D95F218-21EA-4D18-8350-5FC5DD9FC80F}
		{A638EFC0-8521-4162-83A9-AB9F4D3742BF} = {4D95F218-21EA-4D18-8350-5FC5DD9FC80F}
		{E31792C2-E781-4472-93FD-AF23B154F173} = {201DA76F-EEF1-4B34-A919-AE9572632617}
		{C311A77A-73BB-48B4-B5BB-5643FFC7F7D1} = {201DA76F-EEF1-4B34-A919-AE9572632617}
		{2F3E03FF-CD56-43E0-8918-BB9F027CBDE3} = {2BCD2759-EE03-4675-B959-034211CE2152}
		{78A9CC99-F104-4E53-8FBF-074944913B2C} = {2BCD2759-EE03-4675-B959-034211CE2152}
	EndGlobalSection
	GlobalSection(ExtensibilityGlobals) = postSolution
		SolutionGuid = {BE0EE980-A774-4572-A36C-783ACC4847E7}
	EndGlobalSection
EndGlobal
